// !$*UTF8*$!
{
	archiveVersion = 1;
	classes = {
	};
	objectVersion = 77;
	objects = {

/* Begin PBXBuildFile section */
		65009D272EA6FFFB00841780 /* FirebaseAuth in Frameworks */ = {isa = PBXBuildFile; productRef = 9CBE7FF14EBB4BAF8612EEFF /* FirebaseAuth */; };
		65009D282EA6FFFB00841780 /* FirebaseFirestore in Frameworks */ = {isa = PBXBuildFile; productRef = D97AD63E413A461DBC13F027 /* FirebaseFirestore */; };
		65009D292EA6FFFB00841780 /* FirebaseMessaging in Frameworks */ = {isa = PBXBuildFile; productRef = E08D5FDC0BBF49C3AD550872 /* FirebaseMessaging */; };
		65009D2A2EA6FFFB00841780 /* FirebaseStorage in Frameworks */ = {isa = PBXBuildFile; productRef = FFC6B317AF2D48A380F94D59 /* FirebaseStorage */; };
		65009D2B2EA6FFFB00841780 /* FirebaseAnalytics in Frameworks */ = {isa = PBXBuildFile; productRef = 9F189464BEAD48129DF69383 /* FirebaseAnalytics */; };
		65009D2C2EA6FFFB00841780 /* FirebaseCrashlytics in Frameworks */ = {isa = PBXBuildFile; productRef = E9DF36E9248C4B0BBDC1BEF6 /* FirebaseCrashlytics */; };
		65009D2D2EA6FFFB00841780 /* Kingfisher in Frameworks */ = {isa = PBXBuildFile; productRef = C2063FC361B34490A3654F13 /* Kingfisher */; };
/* End PBXBuildFile section */

/* Begin PBXContainerItemProxy section */
		651FEB192EA6B03D0083C147 /* PBXContainerItemProxy */ = {
			isa = PBXContainerItemProxy;
			containerPortal = 651FEB012EA6B03B0083C147 /* Project object */;
			proxyType = 1;
			remoteGlobalIDString = 651FEB082EA6B03B0083C147;
			remoteInfo = sorted;
		};
		651FEB232EA6B03D0083C147 /* PBXContainerItemProxy */ = {
			isa = PBXContainerItemProxy;
			containerPortal = 651FEB012EA6B03B0083C147 /* Project object */;
			proxyType = 1;
			remoteGlobalIDString = 651FEB082EA6B03B0083C147;
			remoteInfo = sorted;
		};
/* End PBXContainerItemProxy section */

/* Begin PBXFileReference section */
		651FEB092EA6B03B0083C147 /* sorted.app */ = {isa = PBXFileReference; explicitFileType = wrapper.application; includeInIndex = 0; path = sorted.app; sourceTree = BUILT_PRODUCTS_DIR; };
		651FEB182EA6B03D0083C147 /* sortedTests.xctest */ = {isa = PBXFileReference; explicitFileType = wrapper.cfbundle; includeInIndex = 0; path = sortedTests.xctest; sourceTree = BUILT_PRODUCTS_DIR; };
		651FEB222EA6B03D0083C147 /* sortedUITests.xctest */ = {isa = PBXFileReference; explicitFileType = wrapper.cfbundle; includeInIndex = 0; path = sortedUITests.xctest; sourceTree = BUILT_PRODUCTS_DIR; };
/* End PBXFileReference section */

/* Begin PBXFileSystemSynchronizedRootGroup section */
		651FEB0B2EA6B03B0083C147 /* sorted */ = {
			isa = PBXFileSystemSynchronizedRootGroup;
			path = sorted;
			sourceTree = "<group>";
		};
		651FEB1B2EA6B03D0083C147 /* sortedTests */ = {
			isa = PBXFileSystemSynchronizedRootGroup;
			path = sortedTests;
			sourceTree = "<group>";
		};
		651FEB252EA6B03D0083C147 /* sortedUITests */ = {
			isa = PBXFileSystemSynchronizedRootGroup;
			path = sortedUITests;
			sourceTree = "<group>";
		};
/* End PBXFileSystemSynchronizedRootGroup section */

/* Begin PBXFrameworksBuildPhase section */
		651FEB062EA6B03B0083C147 /* Frameworks */ = {
			isa = PBXFrameworksBuildPhase;
			buildActionMask = 2147483647;
			files = (
				65009D2D2EA6FFFB00841780 /* Kingfisher in Frameworks */,
				65009D2C2EA6FFFB00841780 /* FirebaseCrashlytics in Frameworks */,
				65009D2B2EA6FFFB00841780 /* FirebaseAnalytics in Frameworks */,
				65009D2A2EA6FFFB00841780 /* FirebaseStorage in Frameworks */,
				65009D292EA6FFFB00841780 /* FirebaseMessaging in Frameworks */,
				65009D282EA6FFFB00841780 /* FirebaseFirestore in Frameworks */,
				65009D272EA6FFFB00841780 /* FirebaseAuth in Frameworks */,
			);
			runOnlyForDeploymentPostprocessing = 0;
		};
		651FEB152EA6B03D0083C147 /* Frameworks */ = {
			isa = PBXFrameworksBuildPhase;
			buildActionMask = 2147483647;
			files = (
			);
			runOnlyForDeploymentPostprocessing = 0;
		};
		651FEB1F2EA6B03D0083C147 /* Frameworks */ = {
			isa = PBXFrameworksBuildPhase;
			buildActionMask = 2147483647;
			files = (
			);
			runOnlyForDeploymentPostprocessing = 0;
		};
/* End PBXFrameworksBuildPhase section */

/* Begin PBXGroup section */
		651FEB002EA6B03B0083C147 = {
			isa = PBXGroup;
			children = (
				651FEB0B2EA6B03B0083C147 /* sorted */,
				651FEB1B2EA6B03D0083C147 /* sortedTests */,
				651FEB252EA6B03D0083C147 /* sortedUITests */,
				651FEB0A2EA6B03B0083C147 /* Products */,
			);
			sourceTree = "<group>";
		};
		651FEB0A2EA6B03B0083C147 /* Products */ = {
			isa = PBXGroup;
			children = (
				651FEB092EA6B03B0083C147 /* sorted.app */,
				651FEB182EA6B03D0083C147 /* sortedTests.xctest */,
				651FEB222EA6B03D0083C147 /* sortedUITests.xctest */,
			);
			name = Products;
			sourceTree = "<group>";
		};
/* End PBXGroup section */

/* Begin PBXNativeTarget section */
		651FEB082EA6B03B0083C147 /* sorted */ = {
			isa = PBXNativeTarget;
			buildConfigurationList = 651FEB2C2EA6B03D0083C147 /* Build configuration list for PBXNativeTarget "sorted" */;
			buildPhases = (
				651FEB052EA6B03B0083C147 /* Sources */,
				651FEB062EA6B03B0083C147 /* Frameworks */,
				651FEB072EA6B03B0083C147 /* Resources */,
			);
			buildRules = (
			);
			dependencies = (
			);
			fileSystemSynchronizedGroups = (
				651FEB0B2EA6B03B0083C147 /* sorted */,
			);
			name = sorted;
			packageProductDependencies = (
				9CBE7FF14EBB4BAF8612EEFF /* FirebaseAuth */,
				D97AD63E413A461DBC13F027 /* FirebaseFirestore */,
				E08D5FDC0BBF49C3AD550872 /* FirebaseMessaging */,
				FFC6B317AF2D48A380F94D59 /* FirebaseStorage */,
				9F189464BEAD48129DF69383 /* FirebaseAnalytics */,
				E9DF36E9248C4B0BBDC1BEF6 /* FirebaseCrashlytics */,
				C2063FC361B34490A3654F13 /* Kingfisher */,
			);
			productName = sorted;
			productReference = 651FEB092EA6B03B0083C147 /* sorted.app */;
			productType = "com.apple.product-type.application";
		};
		651FEB172EA6B03D0083C147 /* sortedTests */ = {
			isa = PBXNativeTarget;
			buildConfigurationList = 651FEB2F2EA6B03D0083C147 /* Build configuration list for PBXNativeTarget "sortedTests" */;
			buildPhases = (
				651FEB142EA6B03D0083C147 /* Sources */,
				651FEB152EA6B03D0083C147 /* Frameworks */,
				651FEB162EA6B03D0083C147 /* Resources */,
			);
			buildRules = (
			);
			dependencies = (
				651FEB1A2EA6B03D0083C147 /* PBXTargetDependency */,
			);
			fileSystemSynchronizedGroups = (
				651FEB1B2EA6B03D0083C147 /* sortedTests */,
			);
			name = sortedTests;
			packageProductDependencies = (
			);
			productName = sortedTests;
			productReference = 651FEB182EA6B03D0083C147 /* sortedTests.xctest */;
			productType = "com.apple.product-type.bundle.unit-test";
		};
		651FEB212EA6B03D0083C147 /* sortedUITests */ = {
			isa = PBXNativeTarget;
			buildConfigurationList = 651FEB322EA6B03D0083C147 /* Build configuration list for PBXNativeTarget "sortedUITests" */;
			buildPhases = (
				651FEB1E2EA6B03D0083C147 /* Sources */,
				651FEB1F2EA6B03D0083C147 /* Frameworks */,
				651FEB202EA6B03D0083C147 /* Resources */,
			);
			buildRules = (
			);
			dependencies = (
				651FEB242EA6B03D0083C147 /* PBXTargetDependency */,
			);
			fileSystemSynchronizedGroups = (
				651FEB252EA6B03D0083C147 /* sortedUITests */,
			);
			name = sortedUITests;
			packageProductDependencies = (
			);
			productName = sortedUITests;
			productReference = 651FEB222EA6B03D0083C147 /* sortedUITests.xctest */;
			productType = "com.apple.product-type.bundle.ui-testing";
		};
/* End PBXNativeTarget section */

/* Begin PBXProject section */
		651FEB012EA6B03B0083C147 /* Project object */ = {
			isa = PBXProject;
			attributes = {
				BuildIndependentTargetsInParallel = 1;
				LastSwiftUpdateCheck = 2600;
				LastUpgradeCheck = 2600;
				TargetAttributes = {
					651FEB082EA6B03B0083C147 = {
						CreatedOnToolsVersion = 26.0.1;
					};
					651FEB172EA6B03D0083C147 = {
						CreatedOnToolsVersion = 26.0.1;
						TestTargetID = 651FEB082EA6B03B0083C147;
					};
					651FEB212EA6B03D0083C147 = {
						CreatedOnToolsVersion = 26.0.1;
						TestTargetID = 651FEB082EA6B03B0083C147;
					};
				};
			};
			buildConfigurationList = 651FEB042EA6B03B0083C147 /* Build configuration list for PBXProject "sorted" */;
			developmentRegion = en;
			hasScannedForEncodings = 0;
			knownRegions = (
				en,
				Base,
			);
			mainGroup = 651FEB002EA6B03B0083C147;
			minimizedProjectReferenceProxies = 1;
			packageReferences = (
				EC2A136DB18F4F218F997D64 /* XCRemoteSwiftPackageReference "firebase-ios-sdk" */,
				E19000C7FEC24177964A3764 /* XCRemoteSwiftPackageReference "Kingfisher" */,
			);
			preferredProjectObjectVersion = 77;
			productRefGroup = 651FEB0A2EA6B03B0083C147 /* Products */;
			projectDirPath = "";
			projectRoot = "";
			targets = (
				651FEB082EA6B03B0083C147 /* sorted */,
				651FEB172EA6B03D0083C147 /* sortedTests */,
				651FEB212EA6B03D0083C147 /* sortedUITests */,
			);
		};
/* End PBXProject section */

/* Begin PBXResourcesBuildPhase section */
		651FEB072EA6B03B0083C147 /* Resources */ = {
			isa = PBXResourcesBuildPhase;
			buildActionMask = 2147483647;
			files = (
			);
			runOnlyForDeploymentPostprocessing = 0;
		};
		651FEB162EA6B03D0083C147 /* Resources */ = {
			isa = PBXResourcesBuildPhase;
			buildActionMask = 2147483647;
			files = (
			);
			runOnlyForDeploymentPostprocessing = 0;
		};
		651FEB202EA6B03D0083C147 /* Resources */ = {
			isa = PBXResourcesBuildPhase;
			buildActionMask = 2147483647;
			files = (
			);
			runOnlyForDeploymentPostprocessing = 0;
		};
/* End PBXResourcesBuildPhase section */

/* Begin PBXSourcesBuildPhase section */
		651FEB052EA6B03B0083C147 /* Sources */ = {
			isa = PBXSourcesBuildPhase;
			buildActionMask = 2147483647;
			files = (
			);
			runOnlyForDeploymentPostprocessing = 0;
		};
		651FEB142EA6B03D0083C147 /* Sources */ = {
			isa = PBXSourcesBuildPhase;
			buildActionMask = 2147483647;
			files = (
			);
			runOnlyForDeploymentPostprocessing = 0;
		};
		651FEB1E2EA6B03D0083C147 /* Sources */ = {
			isa = PBXSourcesBuildPhase;
			buildActionMask = 2147483647;
			files = (
			);
			runOnlyForDeploymentPostprocessing = 0;
		};
/* End PBXSourcesBuildPhase section */

/* Begin PBXTargetDependency section */
		651FEB1A2EA6B03D0083C147 /* PBXTargetDependency */ = {
			isa = PBXTargetDependency;
			target = 651FEB082EA6B03B0083C147 /* sorted */;
			targetProxy = 651FEB192EA6B03D0083C147 /* PBXContainerItemProxy */;
		};
		651FEB242EA6B03D0083C147 /* PBXTargetDependency */ = {
			isa = PBXTargetDependency;
			target = 651FEB082EA6B03B0083C147 /* sorted */;
			targetProxy = 651FEB232EA6B03D0083C147 /* PBXContainerItemProxy */;
		};
/* End PBXTargetDependency section */

/* Begin XCBuildConfiguration section */
		651FEB2A2EA6B03D0083C147 /* Debug */ = {
			isa = XCBuildConfiguration;
			buildSettings = {
				ALWAYS_SEARCH_USER_PATHS = NO;
				ASSETCATALOG_COMPILER_GENERATE_SWIFT_ASSET_SYMBOL_EXTENSIONS = YES;
				CLANG_ANALYZER_NONNULL = YES;
				CLANG_ANALYZER_NUMBER_OBJECT_CONVERSION = YES_AGGRESSIVE;
				CLANG_CXX_LANGUAGE_STANDARD = "gnu++20";
				CLANG_ENABLE_MODULES = YES;
				CLANG_ENABLE_OBJC_ARC = YES;
				CLANG_ENABLE_OBJC_WEAK = YES;
				CLANG_WARN_BLOCK_CAPTURE_AUTORELEASING = YES;
				CLANG_WARN_BOOL_CONVERSION = YES;
				CLANG_WARN_COMMA = YES;
				CLANG_WARN_CONSTANT_CONVERSION = YES;
				CLANG_WARN_DEPRECATED_OBJC_IMPLEMENTATIONS = YES;
				CLANG_WARN_DIRECT_OBJC_ISA_USAGE = YES_ERROR;
				CLANG_WARN_DOCUMENTATION_COMMENTS = YES;
				CLANG_WARN_EMPTY_BODY = YES;
				CLANG_WARN_ENUM_CONVERSION = YES;
				CLANG_WARN_INFINITE_RECURSION = YES;
				CLANG_WARN_INT_CONVERSION = YES;
				CLANG_WARN_NON_LITERAL_NULL_CONVERSION = YES;
				CLANG_WARN_OBJC_IMPLICIT_RETAIN_SELF = YES;
				CLANG_WARN_OBJC_LITERAL_CONVERSION = YES;
				CLANG_WARN_OBJC_ROOT_CLASS = YES_ERROR;
				CLANG_WARN_QUOTED_INCLUDE_IN_FRAMEWORK_HEADER = YES;
				CLANG_WARN_RANGE_LOOP_ANALYSIS = YES;
				CLANG_WARN_STRICT_PROTOTYPES = YES;
				CLANG_WARN_SUSPICIOUS_MOVE = YES;
				CLANG_WARN_UNGUARDED_AVAILABILITY = YES_AGGRESSIVE;
				CLANG_WARN_UNREACHABLE_CODE = YES;
				CLANG_WARN__DUPLICATE_METHOD_MATCH = YES;
				COPY_PHASE_STRIP = NO;
				DEBUG_INFORMATION_FORMAT = dwarf;
				DEVELOPMENT_TEAM = H8R6C22KR8;
				ENABLE_STRICT_OBJC_MSGSEND = YES;
				ENABLE_TESTABILITY = YES;
				ENABLE_USER_SCRIPT_SANDBOXING = YES;
				GCC_C_LANGUAGE_STANDARD = gnu17;
				GCC_DYNAMIC_NO_PIC = NO;
				GCC_NO_COMMON_BLOCKS = YES;
				GCC_OPTIMIZATION_LEVEL = 0;
				GCC_PREPROCESSOR_DEFINITIONS = (
					"DEBUG=1",
					"$(inherited)",
				);
				GCC_WARN_64_TO_32_BIT_CONVERSION = YES;
				GCC_WARN_ABOUT_RETURN_TYPE = YES_ERROR;
				GCC_WARN_UNDECLARED_SELECTOR = YES;
				GCC_WARN_UNINITIALIZED_AUTOS = YES_AGGRESSIVE;
				GCC_WARN_UNUSED_FUNCTION = YES;
				GCC_WARN_UNUSED_VARIABLE = YES;
				IPHONEOS_DEPLOYMENT_TARGET = 17.0;
				LOCALIZATION_PREFERS_STRING_CATALOGS = YES;
				MTL_ENABLE_DEBUG_INFO = INCLUDE_SOURCE;
				MTL_FAST_MATH = YES;
				ONLY_ACTIVE_ARCH = YES;
				SDKROOT = iphoneos;
				SWIFT_ACTIVE_COMPILATION_CONDITIONS = "DEBUG $(inherited)";
				SWIFT_OPTIMIZATION_LEVEL = "-Onone";
				SWIFT_STRICT_CONCURRENCY = complete;
			};
			name = Debug;
		};
		651FEB2B2EA6B03D0083C147 /* Release */ = {
			isa = XCBuildConfiguration;
			buildSettings = {
				ALWAYS_SEARCH_USER_PATHS = NO;
				ASSETCATALOG_COMPILER_GENERATE_SWIFT_ASSET_SYMBOL_EXTENSIONS = YES;
				CLANG_ANALYZER_NONNULL = YES;
				CLANG_ANALYZER_NUMBER_OBJECT_CONVERSION = YES_AGGRESSIVE;
				CLANG_CXX_LANGUAGE_STANDARD = "gnu++20";
				CLANG_ENABLE_MODULES = YES;
				CLANG_ENABLE_OBJC_ARC = YES;
				CLANG_ENABLE_OBJC_WEAK = YES;
				CLANG_WARN_BLOCK_CAPTURE_AUTORELEASING = YES;
				CLANG_WARN_BOOL_CONVERSION = YES;
				CLANG_WARN_COMMA = YES;
				CLANG_WARN_CONSTANT_CONVERSION = YES;
				CLANG_WARN_DEPRECATED_OBJC_IMPLEMENTATIONS = YES;
				CLANG_WARN_DIRECT_OBJC_ISA_USAGE = YES_ERROR;
				CLANG_WARN_DOCUMENTATION_COMMENTS = YES;
				CLANG_WARN_EMPTY_BODY = YES;
				CLANG_WARN_ENUM_CONVERSION = YES;
				CLANG_WARN_INFINITE_RECURSION = YES;
				CLANG_WARN_INT_CONVERSION = YES;
				CLANG_WARN_NON_LITERAL_NULL_CONVERSION = YES;
				CLANG_WARN_OBJC_IMPLICIT_RETAIN_SELF = YES;
				CLANG_WARN_OBJC_LITERAL_CONVERSION = YES;
				CLANG_WARN_OBJC_ROOT_CLASS = YES_ERROR;
				CLANG_WARN_QUOTED_INCLUDE_IN_FRAMEWORK_HEADER = YES;
				CLANG_WARN_RANGE_LOOP_ANALYSIS = YES;
				CLANG_WARN_STRICT_PROTOTYPES = YES;
				CLANG_WARN_SUSPICIOUS_MOVE = YES;
				CLANG_WARN_UNGUARDED_AVAILABILITY = YES_AGGRESSIVE;
				CLANG_WARN_UNREACHABLE_CODE = YES;
				CLANG_WARN__DUPLICATE_METHOD_MATCH = YES;
				COPY_PHASE_STRIP = NO;
				DEBUG_INFORMATION_FORMAT = "dwarf-with-dsym";
				DEVELOPMENT_TEAM = H8R6C22KR8;
				ENABLE_NS_ASSERTIONS = NO;
				ENABLE_STRICT_OBJC_MSGSEND = YES;
				ENABLE_USER_SCRIPT_SANDBOXING = YES;
				GCC_C_LANGUAGE_STANDARD = gnu17;
				GCC_NO_COMMON_BLOCKS = YES;
				GCC_WARN_64_TO_32_BIT_CONVERSION = YES;
				GCC_WARN_ABOUT_RETURN_TYPE = YES_ERROR;
				GCC_WARN_UNDECLARED_SELECTOR = YES;
				GCC_WARN_UNINITIALIZED_AUTOS = YES_AGGRESSIVE;
				GCC_WARN_UNUSED_FUNCTION = YES;
				GCC_WARN_UNUSED_VARIABLE = YES;
				IPHONEOS_DEPLOYMENT_TARGET = 17.0;
				LOCALIZATION_PREFERS_STRING_CATALOGS = YES;
				MTL_ENABLE_DEBUG_INFO = NO;
				MTL_FAST_MATH = YES;
				SDKROOT = iphoneos;
				SWIFT_COMPILATION_MODE = wholemodule;
				SWIFT_STRICT_CONCURRENCY = complete;
				VALIDATE_PRODUCT = YES;
			};
			name = Release;
		};
		651FEB2D2EA6B03D0083C147 /* Debug */ = {
			isa = XCBuildConfiguration;
			buildSettings = {
				ASSETCATALOG_COMPILER_APPICON_NAME = AppIcon;
				ASSETCATALOG_COMPILER_GLOBAL_ACCENT_COLOR_NAME = AccentColor;
				CODE_SIGN_STYLE = Automatic;
				CURRENT_PROJECT_VERSION = 1;
				DEVELOPMENT_TEAM = H8R6C22KR8;
				ENABLE_PREVIEWS = YES;
				GENERATE_INFOPLIST_FILE = YES;
				INFOPLIST_KEY_NSCameraUsageDescription = "Sorted needs camera access to take profile pictures and send photos in messages.";
				INFOPLIST_KEY_NSPhotoLibraryUsageDescription = "Sorted needs photo library access to select and share images in conversations.";
				INFOPLIST_KEY_NSUserNotificationsUsageDescription = "Sorted sends you notifications for new messages and conversation updates.";
				INFOPLIST_KEY_UIApplicationSceneManifest_Generation = YES;
				INFOPLIST_KEY_UIApplicationSupportsIndirectInputEvents = YES;
				INFOPLIST_KEY_UILaunchScreen_Generation = YES;
				INFOPLIST_KEY_UISupportedInterfaceOrientations_iPad = "UIInterfaceOrientationPortrait UIInterfaceOrientationPortraitUpsideDown UIInterfaceOrientationLandscapeLeft UIInterfaceOrientationLandscapeRight";
				INFOPLIST_KEY_UISupportedInterfaceOrientations_iPhone = "UIInterfaceOrientationPortrait UIInterfaceOrientationLandscapeLeft UIInterfaceOrientationLandscapeRight";
				LD_RUNPATH_SEARCH_PATHS = (
					"$(inherited)",
					"@executable_path/Frameworks",
				);
				MARKETING_VERSION = 1.0;
				PRODUCT_BUNDLE_IDENTIFIER = com.theheimlife.sorted.dev;
				PRODUCT_NAME = "$(TARGET_NAME)";
				STRING_CATALOG_GENERATE_SYMBOLS = YES;
				SWIFT_APPROACHABLE_CONCURRENCY = YES;
				SWIFT_DEFAULT_ACTOR_ISOLATION = MainActor;
				SWIFT_EMIT_LOC_STRINGS = YES;
				SWIFT_UPCOMING_FEATURE_MEMBER_IMPORT_VISIBILITY = YES;
				SWIFT_VERSION = 6.0;
				TARGETED_DEVICE_FAMILY = "1,2";
			};
			name = Debug;
		};
		651FEB2E2EA6B03D0083C147 /* Release */ = {
			isa = XCBuildConfiguration;
			buildSettings = {
				ASSETCATALOG_COMPILER_APPICON_NAME = AppIcon;
				ASSETCATALOG_COMPILER_GLOBAL_ACCENT_COLOR_NAME = AccentColor;
				CODE_SIGN_STYLE = Automatic;
				CURRENT_PROJECT_VERSION = 1;
				DEVELOPMENT_TEAM = H8R6C22KR8;
				ENABLE_PREVIEWS = YES;
				GENERATE_INFOPLIST_FILE = YES;
				INFOPLIST_KEY_NSCameraUsageDescription = "Sorted needs camera access to take profile pictures and send photos in messages.";
				INFOPLIST_KEY_NSPhotoLibraryUsageDescription = "Sorted needs photo library access to select and share images in conversations.";
				INFOPLIST_KEY_NSUserNotificationsUsageDescription = "Sorted sends you notifications for new messages and conversation updates.";
				INFOPLIST_KEY_UIApplicationSceneManifest_Generation = YES;
				INFOPLIST_KEY_UIApplicationSupportsIndirectInputEvents = YES;
				INFOPLIST_KEY_UILaunchScreen_Generation = YES;
				INFOPLIST_KEY_UISupportedInterfaceOrientations_iPad = "UIInterfaceOrientationPortrait UIInterfaceOrientationPortraitUpsideDown UIInterfaceOrientationLandscapeLeft UIInterfaceOrientationLandscapeRight";
				INFOPLIST_KEY_UISupportedInterfaceOrientations_iPhone = "UIInterfaceOrientationPortrait UIInterfaceOrientationLandscapeLeft UIInterfaceOrientationLandscapeRight";
				LD_RUNPATH_SEARCH_PATHS = (
					"$(inherited)",
					"@executable_path/Frameworks",
				);
				MARKETING_VERSION = 1.0;
				PRODUCT_BUNDLE_IDENTIFIER = com.theheimlife.sorted;
				PRODUCT_NAME = "$(TARGET_NAME)";
				STRING_CATALOG_GENERATE_SYMBOLS = YES;
				SWIFT_APPROACHABLE_CONCURRENCY = YES;
				SWIFT_DEFAULT_ACTOR_ISOLATION = MainActor;
				SWIFT_EMIT_LOC_STRINGS = YES;
				SWIFT_UPCOMING_FEATURE_MEMBER_IMPORT_VISIBILITY = YES;
				SWIFT_VERSION = 6.0;
				TARGETED_DEVICE_FAMILY = "1,2";
			};
			name = Release;
		};
		651FEB302EA6B03D0083C147 /* Debug */ = {
			isa = XCBuildConfiguration;
			buildSettings = {
				BUNDLE_LOADER = "$(TEST_HOST)";
				CODE_SIGN_STYLE = Automatic;
				CURRENT_PROJECT_VERSION = 1;
				DEVELOPMENT_TEAM = H8R6C22KR8;
				GENERATE_INFOPLIST_FILE = YES;
				IPHONEOS_DEPLOYMENT_TARGET = 17.0;
				MARKETING_VERSION = 1.0;
				PRODUCT_BUNDLE_IDENTIFIER = com.theheimlife.sorted.sortedTests;
				PRODUCT_NAME = "$(TARGET_NAME)";
				STRING_CATALOG_GENERATE_SYMBOLS = NO;
				SWIFT_APPROACHABLE_CONCURRENCY = YES;
				SWIFT_EMIT_LOC_STRINGS = NO;
				SWIFT_UPCOMING_FEATURE_MEMBER_IMPORT_VISIBILITY = YES;
				SWIFT_VERSION = 6.0;
				TARGETED_DEVICE_FAMILY = "1,2";
				TEST_HOST = "$(BUILT_PRODUCTS_DIR)/sorted.app/$(BUNDLE_EXECUTABLE_FOLDER_PATH)/sorted";
			};
			name = Debug;
		};
		651FEB312EA6B03D0083C147 /* Release */ = {
			isa = XCBuildConfiguration;
			buildSettings = {
				BUNDLE_LOADER = "$(TEST_HOST)";
				CODE_SIGN_STYLE = Automatic;
				CURRENT_PROJECT_VERSION = 1;
				DEVELOPMENT_TEAM = H8R6C22KR8;
				GENERATE_INFOPLIST_FILE = YES;
				IPHONEOS_DEPLOYMENT_TARGET = 17.0;
				MARKETING_VERSION = 1.0;
				PRODUCT_BUNDLE_IDENTIFIER = com.theheimlife.sorted.sortedTests;
				PRODUCT_NAME = "$(TARGET_NAME)";
				STRING_CATALOG_GENERATE_SYMBOLS = NO;
				SWIFT_APPROACHABLE_CONCURRENCY = YES;
				SWIFT_EMIT_LOC_STRINGS = NO;
				SWIFT_UPCOMING_FEATURE_MEMBER_IMPORT_VISIBILITY = YES;
				SWIFT_VERSION = 6.0;
				TARGETED_DEVICE_FAMILY = "1,2";
				TEST_HOST = "$(BUILT_PRODUCTS_DIR)/sorted.app/$(BUNDLE_EXECUTABLE_FOLDER_PATH)/sorted";
			};
			name = Release;
		};
		651FEB332EA6B03D0083C147 /* Debug */ = {
			isa = XCBuildConfiguration;
			buildSettings = {
				CODE_SIGN_STYLE = Automatic;
				CURRENT_PROJECT_VERSION = 1;
				DEVELOPMENT_TEAM = H8R6C22KR8;
				GENERATE_INFOPLIST_FILE = YES;
				MARKETING_VERSION = 1.0;
				PRODUCT_BUNDLE_IDENTIFIER = com.theheimlife.sorted.sortedUITests;
				PRODUCT_NAME = "$(TARGET_NAME)";
				STRING_CATALOG_GENERATE_SYMBOLS = NO;
				SWIFT_APPROACHABLE_CONCURRENCY = YES;
				SWIFT_EMIT_LOC_STRINGS = NO;
				SWIFT_UPCOMING_FEATURE_MEMBER_IMPORT_VISIBILITY = YES;
				SWIFT_VERSION = 6.0;
				TARGETED_DEVICE_FAMILY = "1,2";
				TEST_TARGET_NAME = sorted;
			};
			name = Debug;
		};
		651FEB342EA6B03D0083C147 /* Release */ = {
			isa = XCBuildConfiguration;
			buildSettings = {
				CODE_SIGN_STYLE = Automatic;
				CURRENT_PROJECT_VERSION = 1;
				DEVELOPMENT_TEAM = H8R6C22KR8;
				GENERATE_INFOPLIST_FILE = YES;
				MARKETING_VERSION = 1.0;
				PRODUCT_BUNDLE_IDENTIFIER = com.theheimlife.sorted.sortedUITests;
				PRODUCT_NAME = "$(TARGET_NAME)";
				STRING_CATALOG_GENERATE_SYMBOLS = NO;
				SWIFT_APPROACHABLE_CONCURRENCY = YES;
				SWIFT_EMIT_LOC_STRINGS = NO;
				SWIFT_UPCOMING_FEATURE_MEMBER_IMPORT_VISIBILITY = YES;
				SWIFT_VERSION = 6.0;
				TARGETED_DEVICE_FAMILY = "1,2";
				TEST_TARGET_NAME = sorted;
			};
			name = Release;
		};
/* End XCBuildConfiguration section */

/* Begin XCConfigurationList section */
		651FEB042EA6B03B0083C147 /* Build configuration list for PBXProject "sorted" */ = {
			isa = XCConfigurationList;
			buildConfigurations = (
				651FEB2A2EA6B03D0083C147 /* Debug */,
				651FEB2B2EA6B03D0083C147 /* Release */,
			);
			defaultConfigurationIsVisible = 0;
			defaultConfigurationName = Release;
		};
		651FEB2C2EA6B03D0083C147 /* Build configuration list for PBXNativeTarget "sorted" */ = {
			isa = XCConfigurationList;
			buildConfigurations = (
				651FEB2D2EA6B03D0083C147 /* Debug */,
				651FEB2E2EA6B03D0083C147 /* Release */,
			);
			defaultConfigurationIsVisible = 0;
			defaultConfigurationName = Release;
		};
		651FEB2F2EA6B03D0083C147 /* Build configuration list for PBXNativeTarget "sortedTests" */ = {
			isa = XCConfigurationList;
			buildConfigurations = (
				651FEB302EA6B03D0083C147 /* Debug */,
				651FEB312EA6B03D0083C147 /* Release */,
			);
			defaultConfigurationIsVisible = 0;
			defaultConfigurationName = Release;
		};
		651FEB322EA6B03D0083C147 /* Build configuration list for PBXNativeTarget "sortedUITests" */ = {
			isa = XCConfigurationList;
			buildConfigurations = (
				651FEB332EA6B03D0083C147 /* Debug */,
				651FEB342EA6B03D0083C147 /* Release */,
			);
			defaultConfigurationIsVisible = 0;
			defaultConfigurationName = Release;
		};
/* End XCConfigurationList section */

/* Begin XCRemoteSwiftPackageReference section */
		E19000C7FEC24177964A3764 /* XCRemoteSwiftPackageReference "Kingfisher" */ = {
			isa = XCRemoteSwiftPackageReference;
			repositoryURL = "https://github.com/onevcat/Kingfisher";
			requirement = {
				kind = upToNextMajorVersion;
				minimumVersion = 7.10.0;
			};
		};
		EC2A136DB18F4F218F997D64 /* XCRemoteSwiftPackageReference "firebase-ios-sdk" */ = {
			isa = XCRemoteSwiftPackageReference;
			repositoryURL = "https://github.com/firebase/firebase-ios-sdk";
			requirement = {
				kind = upToNextMajorVersion;
				minimumVersion = 10.20.0;
			};
		};
/* End XCRemoteSwiftPackageReference section */

/* Begin XCSwiftPackageProductDependency section */
		9CBE7FF14EBB4BAF8612EEFF /* FirebaseAuth */ = {
			isa = XCSwiftPackageProductDependency;
			package = EC2A136DB18F4F218F997D64 /* XCRemoteSwiftPackageReference "firebase-ios-sdk" */;
			productName = FirebaseAuth;
		};
		9F189464BEAD48129DF69383 /* FirebaseAnalytics */ = {
			isa = XCSwiftPackageProductDependency;
			package = EC2A136DB18F4F218F997D64 /* XCRemoteSwiftPackageReference "firebase-ios-sdk" */;
			productName = FirebaseAnalytics;
		};
		C2063FC361B34490A3654F13 /* Kingfisher */ = {
			isa = XCSwiftPackageProductDependency;
			package = E19000C7FEC24177964A3764 /* XCRemoteSwiftPackageReference "Kingfisher" */;
			productName = Kingfisher;
		};
		D97AD63E413A461DBC13F027 /* FirebaseFirestore */ = {
			isa = XCSwiftPackageProductDependency;
			package = EC2A136DB18F4F218F997D64 /* XCRemoteSwiftPackageReference "firebase-ios-sdk" */;
			productName = FirebaseFirestore;
		};
		E08D5FDC0BBF49C3AD550872 /* FirebaseMessaging */ = {
			isa = XCSwiftPackageProductDependency;
			package = EC2A136DB18F4F218F997D64 /* XCRemoteSwiftPackageReference "firebase-ios-sdk" */;
			productName = FirebaseMessaging;
		};
		E9DF36E9248C4B0BBDC1BEF6 /* FirebaseCrashlytics */ = {
			isa = XCSwiftPackageProductDependency;
			package = EC2A136DB18F4F218F997D64 /* XCRemoteSwiftPackageReference "firebase-ios-sdk" */;
			productName = FirebaseCrashlytics;
		};
		FFC6B317AF2D48A380F94D59 /* FirebaseStorage */ = {
			isa = XCSwiftPackageProductDependency;
			package = EC2A136DB18F4F218F997D64 /* XCRemoteSwiftPackageReference "firebase-ios-sdk" */;
			productName = FirebaseStorage;
		};
/* End XCSwiftPackageProductDependency section */
	};
	rootObject = 651FEB012EA6B03B0083C147 /* Project object */;
}
